%{
  "car_req": {:git, "git@github.com:carsdotcom/car_req.git", "960eaf6aac5d699e89a8c22c938e93b110a3cc2b", [ref: "960eaf6a"]},
  "db_connection": {:hex, :db_connection, "2.7.0", "b99faa9291bb09892c7da373bb82cba59aefa9b36300f6145c5f201c7adf48ec", [:mix], [{:telemetry, "~> 0.4 or ~> 1.0", [hex: :telemetry, repo: "hexpm", optional: false]}], "hexpm", "dcf08f31b2701f857dfc787fbad78223d61a32204f217f15e881dd93e4bdd3ff"},
  "decimal": {:hex, :decimal, "2.1.1", "5611dca5d4b2c3dd497dec8f68751f1f1a54755e8ed2a966c2633cf885973ad6", [:mix], [], "hexpm", "53cfe5f497ed0e7771ae1a475575603d77425099ba5faef9394932b35020ffcc"},
  "earmark_parser": {:hex, :earmark_parser, "1.4.12", "b245e875ec0a311a342320da0551da407d9d2b65d98f7a9597ae078615af3449", [:mix], [], "hexpm", "711e2cc4d64abb7d566d43f54b78f7dc129308a63bc103fbd88550d2174b3160"},
  "ecto": {:hex, :ecto, "3.12.2", "bae2094f038e9664ce5f089e5f3b6132a535d8b018bd280a485c2f33df5c0ce1", [:mix], [{:decimal, "~> 2.0", [hex: :decimal, repo: "hexpm", optional: false]}, {:jason, "~> 1.0", [hex: :jason, repo: "hexpm", optional: true]}, {:telemetry, "~> 0.4 or ~> 1.0", [hex: :telemetry, repo: "hexpm", optional: false]}], "hexpm", "492e67c70f3a71c6afe80d946d3ced52ecc57c53c9829791bfff1830ff5a1f0c"},
  "ecto_sql": {:hex, :ecto_sql, "3.12.0", "73cea17edfa54bde76ee8561b30d29ea08f630959685006d9c6e7d1e59113b7d", [:mix], [{:db_connection, "~> 2.4.1 or ~> 2.5", [hex: :db_connection, repo: "hexpm", optional: false]}, {:ecto, "~> 3.12", [hex: :ecto, repo: "hexpm", optional: false]}, {:myxql, "~> 0.7", [hex: :myxql, repo: "hexpm", optional: true]}, {:postgrex, "~> 0.19 or ~> 1.0", [hex: :postgrex, repo: "hexpm", optional: true]}, {:tds, "~> 2.1.1 or ~> 2.2", [hex: :tds, repo: "hexpm", optional: true]}, {:telemetry, "~> 0.4.0 or ~> 1.0", [hex: :telemetry, repo: "hexpm", optional: false]}], "hexpm", "dc9e4d206f274f3947e96142a8fdc5f69a2a6a9abb4649ef5c882323b6d512f0"},
  "ex_doc": {:hex, :ex_doc, "0.23.0", "a069bc9b0bf8efe323ecde8c0d62afc13d308b1fa3d228b65bca5cf8703a529d", [:mix], [{:earmark_parser, "~> 1.4.0", [hex: :earmark_parser, repo: "hexpm", optional: false]}, {:makeup_elixir, "~> 0.14", [hex: :makeup_elixir, repo: "hexpm", optional: false]}], "hexpm", "f5e2c4702468b2fd11b10d39416ddadd2fcdd173ba2a0285ebd92c39827a5a16"},
  "finch": {:hex, :finch, "0.19.0", "c644641491ea854fc5c1bbaef36bfc764e3f08e7185e1f084e35e0672241b76d", [:mix], [{:mime, "~> 1.0 or ~> 2.0", [hex: :mime, repo: "hexpm", optional: false]}, {:mint, "~> 1.6.2 or ~> 1.7", [hex: :mint, repo: "hexpm", optional: false]}, {:nimble_options, "~> 0.4 or ~> 1.0", [hex: :nimble_options, repo: "hexpm", optional: false]}, {:nimble_pool, "~> 1.1", [hex: :nimble_pool, repo: "hexpm", optional: false]}, {:telemetry, "~> 0.4 or ~> 1.0", [hex: :telemetry, repo: "hexpm", optional: false]}], "hexpm", "fc5324ce209125d1e2fa0fcd2634601c52a787aff1cd33ee833664a5af4ea2b6"},
  "fuse": {:hex, :fuse, "2.5.0", "71afa90be21da4e64f94abba9d36472faa2d799c67fedc3bd1752a88ea4c4753", [:rebar3], [], "hexpm", "7f52a1c84571731ad3c91d569e03131cc220ebaa7e2a11034405f0bac46a4fef"},
  "hpax": {:hex, :hpax, "1.0.0", "28dcf54509fe2152a3d040e4e3df5b265dcb6cb532029ecbacf4ce52caea3fd2", [:mix], [], "hexpm", "7f1314731d711e2ca5fdc7fd361296593fc2542570b3105595bb0bc6d0fad601"},
  "jason": {:hex, :jason, "1.4.4", "b9226785a9aa77b6857ca22832cffa5d5011a667207eb2a0ad56adb5db443b8a", [:mix], [{:decimal, "~> 1.0 or ~> 2.0", [hex: :decimal, repo: "hexpm", optional: true]}], "hexpm", "c5eb0cab91f094599f94d55bc63409236a8ec69a21a67814529e8d5f6cc90b3b"},
  "makeup": {:hex, :makeup, "1.0.5", "d5a830bc42c9800ce07dd97fa94669dfb93d3bf5fcf6ea7a0c67b2e0e4a7f26c", [:mix], [{:nimble_parsec, "~> 0.5 or ~> 1.0", [hex: :nimble_parsec, repo: "hexpm", optional: false]}], "hexpm", "cfa158c02d3f5c0c665d0af11512fed3fba0144cf1aadee0f2ce17747fba2ca9"},
  "makeup_elixir": {:hex, :makeup_elixir, "0.15.0", "98312c9f0d3730fde4049985a1105da5155bfe5c11e47bdc7406d88e01e4219b", [:mix], [{:makeup, "~> 1.0", [hex: :makeup, repo: "hexpm", optional: false]}, {:nimble_parsec, "~> 1.1", [hex: :nimble_parsec, repo: "hexpm", optional: false]}], "hexpm", "75ffa34ab1056b7e24844c90bfc62aaf6f3a37a15faa76b07bc5eba27e4a8b4a"},
  "mime": {:hex, :mime, "2.0.6", "8f18486773d9b15f95f4f4f1e39b710045fa1de891fada4516559967276e4dc2", [:mix], [], "hexpm", "c9945363a6b26d747389aac3643f8e0e09d30499a138ad64fe8fd1d13d9b153e"},
  "mint": {:hex, :mint, "1.6.2", "af6d97a4051eee4f05b5500671d47c3a67dac7386045d87a904126fd4bbcea2e", [:mix], [{:castore, "~> 0.1.0 or ~> 1.0", [hex: :castore, repo: "hexpm", optional: true]}, {:hpax, "~> 0.1.1 or ~> 0.2.0 or ~> 1.0", [hex: :hpax, repo: "hexpm", optional: false]}], "hexpm", "5ee441dffc1892f1ae59127f74afe8fd82fda6587794278d924e4d90ea3d63f9"},
  "nimble_options": {:hex, :nimble_options, "1.1.1", "e3a492d54d85fc3fd7c5baf411d9d2852922f66e69476317787a7b2bb000a61b", [:mix], [], "hexpm", "821b2470ca9442c4b6984882fe9bb0389371b8ddec4d45a9504f00a66f650b44"},
  "nimble_parsec": {:hex, :nimble_parsec, "1.1.0", "3a6fca1550363552e54c216debb6a9e95bd8d32348938e13de5eda962c0d7f89", [:mix], [], "hexpm", "08eb32d66b706e913ff748f11694b17981c0b04a33ef470e33e11b3d3ac8f54b"},
  "nimble_pool": {:hex, :nimble_pool, "1.1.0", "bf9c29fbdcba3564a8b800d1eeb5a3c58f36e1e11d7b7fb2e084a643f645f06b", [:mix], [], "hexpm", "af2e4e6b34197db81f7aad230c1118eac993acc0dae6bc83bac0126d4ae0813a"},
  "postgrex": {:hex, :postgrex, "0.19.1", "73b498508b69aded53907fe48a1fee811be34cc720e69ef4ccd568c8715495ea", [:mix], [{:db_connection, "~> 2.1", [hex: :db_connection, repo: "hexpm", optional: false]}, {:decimal, "~> 1.5 or ~> 2.0", [hex: :decimal, repo: "hexpm", optional: false]}, {:jason, "~> 1.0", [hex: :jason, repo: "hexpm", optional: true]}, {:table, "~> 0.1.0", [hex: :table, repo: "hexpm", optional: true]}], "hexpm", "8bac7885a18f381e091ec6caf41bda7bb8c77912bb0e9285212829afe5d8a8f8"},
  "req": {:hex, :req, "0.5.6", "8fe1eead4a085510fe3d51ad854ca8f20a622aae46e97b302f499dfb84f726ac", [:mix], [{:brotli, "~> 0.3.1", [hex: :brotli, repo: "hexpm", optional: true]}, {:ezstd, "~> 1.0", [hex: :ezstd, repo: "hexpm", optional: true]}, {:finch, "~> 0.17", [hex: :finch, repo: "hexpm", optional: false]}, {:jason, "~> 1.0", [hex: :jason, repo: "hexpm", optional: false]}, {:mime, "~> 2.0.6 or ~> 2.1", [hex: :mime, repo: "hexpm", optional: false]}, {:nimble_csv, "~> 1.0", [hex: :nimble_csv, repo: "hexpm", optional: true]}, {:plug, "~> 1.0", [hex: :plug, repo: "hexpm", optional: true]}], "hexpm", "cfaa8e720945d46654853de39d368f40362c2641c4b2153c886418914b372185"},
  "req_fuse": {:hex, :req_fuse, "0.3.0", "36387bf26a89b3380b7fa3cbbc7c9f2256f40e345991d591c3946c83d819a4be", [:mix], [{:fuse, ">= 2.4.0", [hex: :fuse, repo: "hexpm", optional: false]}, {:req, ">= 0.4.14", [hex: :req, repo: "hexpm", optional: false]}, {:telemetry, "~> 0.4 or ~> 1.0", [hex: :telemetry, repo: "hexpm", optional: false]}], "hexpm", "8a747f60afe0262d6a2f723e32bc0a8168ea6a8e68d0d149907a7ade50668b5b"},
  "telemetry": {:hex, :telemetry, "1.3.0", "fedebbae410d715cf8e7062c96a1ef32ec22e764197f70cda73d82778d61e7a2", [:rebar3], [], "hexpm", "7015fc8919dbe63764f4b4b87a95b7c0996bd539e0d499be6ec9d7f3875b79e6"},
  "vex": {:hex, :vex, "0.8.0", "0a04e3aebe5ec443525c88f3833b4481d97de272f891243b62b18efbda85b121", [:mix], [], "hexpm", "36a37f264b36fe4b0430c9f174d71c59845cf56d9e2ae32960038432b16961ea"},
}
